// !$*UTF8*$!
{
	archiveVersion = 1;
	classes = {
	};
	objectVersion = 46;
	objects = {

/* Begin PBXBuildFile section */
		7824426C1F884D6800ABC6C9 /* AppIcon.appiconset in Resources */ = {isa = PBXBuildFile; fileRef = 7824426B1F884D6800ABC6C9 /* AppIcon.appiconset */; };
		7824426E1F884D7A00ABC6C9 /* Pin.imageset in Resources */ = {isa = PBXBuildFile; fileRef = 7824426D1F884D7A00ABC6C9 /* Pin.imageset */; };
		782442701F89643D00ABC6C9 /* InformationPostingViewController.swift in Sources */ = {isa = PBXBuildFile; fileRef = 7824426F1F89643D00ABC6C9 /* InformationPostingViewController.swift */; };
		782442721F89C48B00ABC6C9 /* userinfo.swift in Sources */ = {isa = PBXBuildFile; fileRef = 782442711F89C48B00ABC6C9 /* userinfo.swift */; };
		782442771F8AAA2F00ABC6C9 /* Main.storyboard in Resources */ = {isa = PBXBuildFile; fileRef = 782442751F8AAA2F00ABC6C9 /* Main.storyboard */; };
		782442791F8ABDD500ABC6C9 /* TableViewController.swift in Sources */ = {isa = PBXBuildFile; fileRef = 782442781F8ABDD500ABC6C9 /* TableViewController.swift */; };
		7824427B1F8AC16E00ABC6C9 /* TableViewCell.swift in Sources */ = {isa = PBXBuildFile; fileRef = 7824427A1F8AC16E00ABC6C9 /* TableViewCell.swift */; };
		7824427D1F8D075600ABC6C9 /* List.imageset in Resources */ = {isa = PBXBuildFile; fileRef = 7824427C1F8D075600ABC6C9 /* List.imageset */; };
		78F79A391F7EA18400635607 /* AppDelegate.swift in Sources */ = {isa = PBXBuildFile; fileRef = 78F79A381F7EA18400635607 /* AppDelegate.swift */; };
		78F79A3B1F7EA18400635607 /* LoginViewController.swift in Sources */ = {isa = PBXBuildFile; fileRef = 78F79A3A1F7EA18400635607 /* LoginViewController.swift */; };
		78F79A401F7EA18400635607 /* Assets.xcassets in Resources */ = {isa = PBXBuildFile; fileRef = 78F79A3F1F7EA18400635607 /* Assets.xcassets */; };
		78F79A431F7EA18400635607 /* LaunchScreen.storyboard in Resources */ = {isa = PBXBuildFile; fileRef = 78F79A411F7EA18400635607 /* LaunchScreen.storyboard */; };
		78F79A4E1F7EA18400635607 /* studentMapTests.swift in Sources */ = {isa = PBXBuildFile; fileRef = 78F79A4D1F7EA18400635607 /* studentMapTests.swift */; };
		78F79A591F7EA18400635607 /* studentMapUITests.swift in Sources */ = {isa = PBXBuildFile; fileRef = 78F79A581F7EA18400635607 /* studentMapUITests.swift */; };
		78F79A671F7EBEA600635607 /* client.swift in Sources */ = {isa = PBXBuildFile; fileRef = 78F79A661F7EBEA600635607 /* client.swift */; };
		78F79A6B1F7EBF5C00635607 /* Constants.swift in Sources */ = {isa = PBXBuildFile; fileRef = 78F79A6A1F7EBF5C00635607 /* Constants.swift */; };
		78F79A711F815AA300635607 /* GCD.swift in Sources */ = {isa = PBXBuildFile; fileRef = 78F79A701F815AA300635607 /* GCD.swift */; };
		78F79A731F815BB500635607 /* Convinence.swift in Sources */ = {isa = PBXBuildFile; fileRef = 78F79A721F815BB500635607 /* Convinence.swift */; };
		78F79A751F8172AD00635607 /* MapvViewController.swift in Sources */ = {isa = PBXBuildFile; fileRef = 78F79A741F8172AD00635607 /* MapvViewController.swift */; };
		78F79A771F82B64300635607 /* LaunchImage.png in Resources */ = {isa = PBXBuildFile; fileRef = 78F79A761F82B64300635607 /* LaunchImage.png */; };
		78F79A791F840D9F00635607 /* udacitystudentslocation.swift in Sources */ = {isa = PBXBuildFile; fileRef = 78F79A781F840D9F00635607 /* udacitystudentslocation.swift */; };
		78F79A7B1F84145C00635607 /* data.swift in Sources */ = {isa = PBXBuildFile; fileRef = 78F79A7A1F84145C00635607 /* data.swift */; };
/* End PBXBuildFile section */

/* Begin PBXContainerItemProxy section */
		78F79A4A1F7EA18400635607 /* PBXContainerItemProxy */ = {
			isa = PBXContainerItemProxy;
			containerPortal = 78F79A2D1F7EA18300635607 /* Project object */;
			proxyType = 1;
			remoteGlobalIDString = 78F79A341F7EA18300635607;
			remoteInfo = studentMap;
		};
		78F79A551F7EA18400635607 /* PBXContainerItemProxy */ = {
			isa = PBXContainerItemProxy;
			containerPortal = 78F79A2D1F7EA18300635607 /* Project object */;
			proxyType = 1;
			remoteGlobalIDString = 78F79A341F7EA18300635607;
			remoteInfo = studentMap;
		};
/* End PBXContainerItemProxy section */

/* Begin PBXFileReference section */
		7824426B1F884D6800ABC6C9 /* AppIcon.appiconset */ = {isa = PBXFileReference; lastKnownFileType = folder; path = AppIcon.appiconset; sourceTree = "<group>"; };
		7824426D1F884D7A00ABC6C9 /* Pin.imageset */ = {isa = PBXFileReference; lastKnownFileType = folder; path = Pin.imageset; sourceTree = "<group>"; };
		7824426F1F89643D00ABC6C9 /* InformationPostingViewController.swift */ = {isa = PBXFileReference; fileEncoding = 4; lastKnownFileType = sourcecode.swift; path = InformationPostingViewController.swift; sourceTree = "<group>"; };
		782442711F89C48B00ABC6C9 /* userinfo.swift */ = {isa = PBXFileReference; fileEncoding = 4; lastKnownFileType = sourcecode.swift; path = userinfo.swift; sourceTree = "<group>"; };
		782442761F8AAA2F00ABC6C9 /* Base */ = {isa = PBXFileReference; lastKnownFileType = file.storyboard; name = Base; path = Base.lproj/Main.storyboard; sourceTree = "<group>"; };
		782442781F8ABDD500ABC6C9 /* TableViewController.swift */ = {isa = PBXFileReference; fileEncoding = 4; lastKnownFileType = sourcecode.swift; path = TableViewController.swift; sourceTree = "<group>"; };
		7824427A1F8AC16E00ABC6C9 /* TableViewCell.swift */ = {isa = PBXFileReference; fileEncoding = 4; lastKnownFileType = sourcecode.swift; path = TableViewCell.swift; sourceTree = "<group>"; };
		7824427C1F8D075600ABC6C9 /* List.imageset */ = {isa = PBXFileReference; lastKnownFileType = folder; path = List.imageset; sourceTree = "<group>"; };
		78F79A351F7EA18300635607 /* studentMap.app */ = {isa = PBXFileReference; explicitFileType = wrapper.application; includeInIndex = 0; path = studentMap.app; sourceTree = BUILT_PRODUCTS_DIR; };
		78F79A381F7EA18400635607 /* AppDelegate.swift */ = {isa = PBXFileReference; lastKnownFileType = sourcecode.swift; path = AppDelegate.swift; sourceTree = "<group>"; };
		78F79A3A1F7EA18400635607 /* LoginViewController.swift */ = {isa = PBXFileReference; lastKnownFileType = sourcecode.swift; path = LoginViewController.swift; sourceTree = "<group>"; };
		78F79A3F1F7EA18400635607 /* Assets.xcassets */ = {isa = PBXFileReference; lastKnownFileType = folder.assetcatalog; path = Assets.xcassets; sourceTree = "<group>"; };
		78F79A421F7EA18400635607 /* Base */ = {isa = PBXFileReference; lastKnownFileType = file.storyboard; name = Base; path = Base.lproj/LaunchScreen.storyboard; sourceTree = "<group>"; };
		78F79A441F7EA18400635607 /* Info.plist */ = {isa = PBXFileReference; lastKnownFileType = text.plist.xml; path = Info.plist; sourceTree = "<group>"; };
		78F79A491F7EA18400635607 /* studentMapTests.xctest */ = {isa = PBXFileReference; explicitFileType = wrapper.cfbundle; includeInIndex = 0; path = studentMapTests.xctest; sourceTree = BUILT_PRODUCTS_DIR; };
		78F79A4D1F7EA18400635607 /* studentMapTests.swift */ = {isa = PBXFileReference; lastKnownFileType = sourcecode.swift; path = studentMapTests.swift; sourceTree = "<group>"; };
		78F79A4F1F7EA18400635607 /* Info.plist */ = {isa = PBXFileReference; lastKnownFileType = text.plist.xml; path = Info.plist; sourceTree = "<group>"; };
		78F79A541F7EA18400635607 /* studentMapUITests.xctest */ = {isa = PBXFileReference; explicitFileType = wrapper.cfbundle; includeInIndex = 0; path = studentMapUITests.xctest; sourceTree = BUILT_PRODUCTS_DIR; };
		78F79A581F7EA18400635607 /* studentMapUITests.swift */ = {isa = PBXFileReference; lastKnownFileType = sourcecode.swift; path = studentMapUITests.swift; sourceTree = "<group>"; };
		78F79A5A1F7EA18400635607 /* Info.plist */ = {isa = PBXFileReference; lastKnownFileType = text.plist.xml; path = Info.plist; sourceTree = "<group>"; };
		78F79A661F7EBEA600635607 /* client.swift */ = {isa = PBXFileReference; fileEncoding = 4; lastKnownFileType = sourcecode.swift; name = client.swift; path = studentMap/client.swift; sourceTree = "<group>"; };
		78F79A6A1F7EBF5C00635607 /* Constants.swift */ = {isa = PBXFileReference; fileEncoding = 4; lastKnownFileType = sourcecode.swift; path = Constants.swift; sourceTree = "<group>"; };
		78F79A701F815AA300635607 /* GCD.swift */ = {isa = PBXFileReference; fileEncoding = 4; lastKnownFileType = sourcecode.swift; path = GCD.swift; sourceTree = "<group>"; };
		78F79A721F815BB500635607 /* Convinence.swift */ = {isa = PBXFileReference; fileEncoding = 4; lastKnownFileType = sourcecode.swift; path = Convinence.swift; sourceTree = "<group>"; };
		78F79A741F8172AD00635607 /* MapvViewController.swift */ = {isa = PBXFileReference; fileEncoding = 4; lastKnownFileType = sourcecode.swift; path = MapvViewController.swift; sourceTree = "<group>"; };
		78F79A761F82B64300635607 /* LaunchImage.png */ = {isa = PBXFileReference; lastKnownFileType = image.png; path = LaunchImage.png; sourceTree = "<group>"; };
		78F79A781F840D9F00635607 /* udacitystudentslocation.swift */ = {isa = PBXFileReference; fileEncoding = 4; lastKnownFileType = sourcecode.swift; path = udacitystudentslocation.swift; sourceTree = "<group>"; };
		78F79A7A1F84145C00635607 /* data.swift */ = {isa = PBXFileReference; fileEncoding = 4; lastKnownFileType = sourcecode.swift; path = data.swift; sourceTree = "<group>"; };
/* End PBXFileReference section */

/* Begin PBXFrameworksBuildPhase section */
		78F79A321F7EA18300635607 /* Frameworks */ = {
			isa = PBXFrameworksBuildPhase;
			buildActionMask = 2147483647;
			files = (
			);
			runOnlyForDeploymentPostprocessing = 0;
		};
		78F79A461F7EA18400635607 /* Frameworks */ = {
			isa = PBXFrameworksBuildPhase;
			buildActionMask = 2147483647;
			files = (
			);
			runOnlyForDeploymentPostprocessing = 0;
		};
		78F79A511F7EA18400635607 /* Frameworks */ = {
			isa = PBXFrameworksBuildPhase;
			buildActionMask = 2147483647;
			files = (
			);
			runOnlyForDeploymentPostprocessing = 0;
		};
/* End PBXFrameworksBuildPhase section */

/* Begin PBXGroup section */
		78EF0ED31F8E5DFF00890B51 /* controllers */ = {
			isa = PBXGroup;
			children = (
				7824427A1F8AC16E00ABC6C9 /* TableViewCell.swift */,
				78F79A741F8172AD00635607 /* MapvViewController.swift */,
				7824426F1F89643D00ABC6C9 /* InformationPostingViewController.swift */,
				782442781F8ABDD500ABC6C9 /* TableViewController.swift */,
				78F79A3A1F7EA18400635607 /* LoginViewController.swift */,
			);
			name = controllers;
			sourceTree = "<group>";
		};
		78EF0ED41F8E5E7600890B51 /* model */ = {
			isa = PBXGroup;
			children = (
				78F79A6A1F7EBF5C00635607 /* Constants.swift */,
				78F79A661F7EBEA600635607 /* client.swift */,
				782442711F89C48B00ABC6C9 /* userinfo.swift */,
				78F79A781F840D9F00635607 /* udacitystudentslocation.swift */,
				78F79A7A1F84145C00635607 /* data.swift */,
				78F79A721F815BB500635607 /* Convinence.swift */,
			);
			name = model;
			sourceTree = "<group>";
		};
		78EF0ED51F8E5F4800890B51 /* Assests */ = {
			isa = PBXGroup;
			children = (
				78F79A411F7EA18400635607 /* LaunchScreen.storyboard */,
				78F79A761F82B64300635607 /* LaunchImage.png */,
				78F79A3F1F7EA18400635607 /* Assets.xcassets */,
				7824426B1F884D6800ABC6C9 /* AppIcon.appiconset */,
				7824426D1F884D7A00ABC6C9 /* Pin.imageset */,
				7824427C1F8D075600ABC6C9 /* List.imageset */,
			);
			name = Assests;
			sourceTree = "<group>";
		};
		78F79A2C1F7EA18300635607 = {
			isa = PBXGroup;
			children = (
				78EF0ED41F8E5E7600890B51 /* model */,
				78F79A371F7EA18300635607 /* studentMap */,
				78F79A4C1F7EA18400635607 /* studentMapTests */,
				78F79A571F7EA18400635607 /* studentMapUITests */,
				78F79A361F7EA18300635607 /* Products */,
			);
			sourceTree = "<group>";
		};
		78F79A361F7EA18300635607 /* Products */ = {
			isa = PBXGroup;
			children = (
				78F79A351F7EA18300635607 /* studentMap.app */,
				78F79A491F7EA18400635607 /* studentMapTests.xctest */,
				78F79A541F7EA18400635607 /* studentMapUITests.xctest */,
			);
			name = Products;
			sourceTree = "<group>";
		};
		78F79A371F7EA18300635607 /* studentMap */ = {
			isa = PBXGroup;
			children = (
				78F79A381F7EA18400635607 /* AppDelegate.swift */,
				78F79A701F815AA300635607 /* GCD.swift */,
				78EF0ED31F8E5DFF00890B51 /* controllers */,
				782442751F8AAA2F00ABC6C9 /* Main.storyboard */,
				78EF0ED51F8E5F4800890B51 /* Assests */,
				78F79A441F7EA18400635607 /* Info.plist */,
			);
			path = studentMap;
			sourceTree = "<group>";
		};
		78F79A4C1F7EA18400635607 /* studentMapTests */ = {
			isa = PBXGroup;
			children = (
				78F79A4D1F7EA18400635607 /* studentMapTests.swift */,
				78F79A4F1F7EA18400635607 /* Info.plist */,
			);
			path = studentMapTests;
			sourceTree = "<group>";
		};
		78F79A571F7EA18400635607 /* studentMapUITests */ = {
			isa = PBXGroup;
			children = (
				78F79A581F7EA18400635607 /* studentMapUITests.swift */,
				78F79A5A1F7EA18400635607 /* Info.plist */,
			);
			path = studentMapUITests;
			sourceTree = "<group>";
		};
/* End PBXGroup section */

/* Begin PBXNativeTarget section */
		78F79A341F7EA18300635607 /* studentMap */ = {
			isa = PBXNativeTarget;
			buildConfigurationList = 78F79A5D1F7EA18400635607 /* Build configuration list for PBXNativeTarget "studentMap" */;
			buildPhases = (
				78F79A311F7EA18300635607 /* Sources */,
				78F79A321F7EA18300635607 /* Frameworks */,
				78F79A331F7EA18300635607 /* Resources */,
			);
			buildRules = (
			);
			dependencies = (
			);
			name = studentMap;
			productName = studentMap;
			productReference = 78F79A351F7EA18300635607 /* studentMap.app */;
			productType = "com.apple.product-type.application";
		};
		78F79A481F7EA18400635607 /* studentMapTests */ = {
			isa = PBXNativeTarget;
			buildConfigurationList = 78F79A601F7EA18400635607 /* Build configuration list for PBXNativeTarget "studentMapTests" */;
			buildPhases = (
				78F79A451F7EA18400635607 /* Sources */,
				78F79A461F7EA18400635607 /* Frameworks */,
				78F79A471F7EA18400635607 /* Resources */,
			);
			buildRules = (
			);
			dependencies = (
				78F79A4B1F7EA18400635607 /* PBXTargetDependency */,
			);
			name = studentMapTests;
			productName = studentMapTests;
			productReference = 78F79A491F7EA18400635607 /* studentMapTests.xctest */;
			productType = "com.apple.product-type.bundle.unit-test";
		};
		78F79A531F7EA18400635607 /* studentMapUITests */ = {
			isa = PBXNativeTarget;
			buildConfigurationList = 78F79A631F7EA18400635607 /* Build configuration list for PBXNativeTarget "studentMapUITests" */;
			buildPhases = (
				78F79A501F7EA18400635607 /* Sources */,
				78F79A511F7EA18400635607 /* Frameworks */,
				78F79A521F7EA18400635607 /* Resources */,
			);
			buildRules = (
			);
			dependencies = (
				78F79A561F7EA18400635607 /* PBXTargetDependency */,
			);
			name = studentMapUITests;
			productName = studentMapUITests;
			productReference = 78F79A541F7EA18400635607 /* studentMapUITests.xctest */;
			productType = "com.apple.product-type.bundle.ui-testing";
		};
/* End PBXNativeTarget section */

/* Begin PBXProject section */
		78F79A2D1F7EA18300635607 /* Project object */ = {
			isa = PBXProject;
			attributes = {
				LastSwiftUpdateCheck = 0830;
				LastUpgradeCheck = 0900;
				ORGANIZATIONNAME = "Vidya Durvasula";
				TargetAttributes = {
					78F79A341F7EA18300635607 = {
						CreatedOnToolsVersion = 8.3.3;
						LastSwiftMigration = 0900;
						ProvisioningStyle = Automatic;
					};
					78F79A481F7EA18400635607 = {
						CreatedOnToolsVersion = 8.3.3;
						LastSwiftMigration = 0900;
						ProvisioningStyle = Automatic;
						TestTargetID = 78F79A341F7EA18300635607;
					};
					78F79A531F7EA18400635607 = {
						CreatedOnToolsVersion = 8.3.3;
						LastSwiftMigration = 0900;
						ProvisioningStyle = Automatic;
						TestTargetID = 78F79A341F7EA18300635607;
					};
				};
			};
			buildConfigurationList = 78F79A301F7EA18300635607 /* Build configuration list for PBXProject "studentMap" */;
			compatibilityVersion = "Xcode 3.2";
			developmentRegion = English;
			hasScannedForEncodings = 0;
			knownRegions = (
				en,
				Base,
			);
			mainGroup = 78F79A2C1F7EA18300635607;
			productRefGroup = 78F79A361F7EA18300635607 /* Products */;
			projectDirPath = "";
			projectRoot = "";
			targets = (
				78F79A341F7EA18300635607 /* studentMap */,
				78F79A481F7EA18400635607 /* studentMapTests */,
				78F79A531F7EA18400635607 /* studentMapUITests */,
			);
		};
/* End PBXProject section */

/* Begin PBXResourcesBuildPhase section */
		78F79A331F7EA18300635607 /* Resources */ = {
			isa = PBXResourcesBuildPhase;
			buildActionMask = 2147483647;
			files = (
				782442771F8AAA2F00ABC6C9 /* Main.storyboard in Resources */,
				7824426E1F884D7A00ABC6C9 /* Pin.imageset in Resources */,
				78F79A771F82B64300635607 /* LaunchImage.png in Resources */,
				78F79A431F7EA18400635607 /* LaunchScreen.storyboard in Resources */,
				78F79A401F7EA18400635607 /* Assets.xcassets in Resources */,
				7824427D1F8D075600ABC6C9 /* List.imageset in Resources */,
				7824426C1F884D6800ABC6C9 /* AppIcon.appiconset in Resources */,
			);
			runOnlyForDeploymentPostprocessing = 0;
		};
		78F79A471F7EA18400635607 /* Resources */ = {
			isa = PBXResourcesBuildPhase;
			buildActionMask = 2147483647;
			files = (
			);
			runOnlyForDeploymentPostprocessing = 0;
		};
		78F79A521F7EA18400635607 /* Resources */ = {
			isa = PBXResourcesBuildPhase;
			buildActionMask = 2147483647;
			files = (
			);
			runOnlyForDeploymentPostprocessing = 0;
		};
/* End PBXResourcesBuildPhase section */

/* Begin PBXSourcesBuildPhase section */
		78F79A311F7EA18300635607 /* Sources */ = {
			isa = PBXSourcesBuildPhase;
			buildActionMask = 2147483647;
			files = (
				7824427B1F8AC16E00ABC6C9 /* TableViewCell.swift in Sources */,
				78F79A711F815AA300635607 /* GCD.swift in Sources */,
				78F79A671F7EBEA600635607 /* client.swift in Sources */,
				78F79A751F8172AD00635607 /* MapvViewController.swift in Sources */,
				78F79A3B1F7EA18400635607 /* LoginViewController.swift in Sources */,
				78F79A731F815BB500635607 /* Convinence.swift in Sources */,
				78F79A391F7EA18400635607 /* AppDelegate.swift in Sources */,
				782442721F89C48B00ABC6C9 /* userinfo.swift in Sources */,
				782442791F8ABDD500ABC6C9 /* TableViewController.swift in Sources */,
				782442701F89643D00ABC6C9 /* InformationPostingViewController.swift in Sources */,
				78F79A791F840D9F00635607 /* udacitystudentslocation.swift in Sources */,
				78F79A7B1F84145C00635607 /* data.swift in Sources */,
				78F79A6B1F7EBF5C00635607 /* Constants.swift in Sources */,
			);
			runOnlyForDeploymentPostprocessing = 0;
		};
		78F79A451F7EA18400635607 /* Sources */ = {
			isa = PBXSourcesBuildPhase;
			buildActionMask = 2147483647;
			files = (
				78F79A4E1F7EA18400635607 /* studentMapTests.swift in Sources */,
			);
			runOnlyForDeploymentPostprocessing = 0;
		};
		78F79A501F7EA18400635607 /* Sources */ = {
			isa = PBXSourcesBuildPhase;
			buildActionMask = 2147483647;
			files = (
				78F79A591F7EA18400635607 /* studentMapUITests.swift in Sources */,
			);
			runOnlyForDeploymentPostprocessing = 0;
		};
/* End PBXSourcesBuildPhase section */

/* Begin PBXTargetDependency section */
		78F79A4B1F7EA18400635607 /* PBXTargetDependency */ = {
			isa = PBXTargetDependency;
			target = 78F79A341F7EA18300635607 /* studentMap */;
			targetProxy = 78F79A4A1F7EA18400635607 /* PBXContainerItemProxy */;
		};
		78F79A561F7EA18400635607 /* PBXTargetDependency */ = {
			isa = PBXTargetDependency;
			target = 78F79A341F7EA18300635607 /* studentMap */;
			targetProxy = 78F79A551F7EA18400635607 /* PBXContainerItemProxy */;
		};
/* End PBXTargetDependency section */

/* Begin PBXVariantGroup section */
		782442751F8AAA2F00ABC6C9 /* Main.storyboard */ = {
			isa = PBXVariantGroup;
			children = (
				782442761F8AAA2F00ABC6C9 /* Base */,
			);
			name = Main.storyboard;
			sourceTree = "<group>";
		};
		78F79A411F7EA18400635607 /* LaunchScreen.storyboard */ = {
			isa = PBXVariantGroup;
			children = (
				78F79A421F7EA18400635607 /* Base */,
			);
			name = LaunchScreen.storyboard;
			sourceTree = "<group>";
		};
/* End PBXVariantGroup section */

/* Begin XCBuildConfiguration section */
		78F79A5B1F7EA18400635607 /* Debug */ = {
			isa = XCBuildConfiguration;
			buildSettings = {
				ALWAYS_SEARCH_USER_PATHS = NO;
				CLANG_ANALYZER_NONNULL = YES;
				CLANG_ANALYZER_NUMBER_OBJECT_CONVERSION = YES_AGGRESSIVE;
				CLANG_CXX_LANGUAGE_STANDARD = "gnu++0x";
				CLANG_CXX_LIBRARY = "libc++";
				CLANG_ENABLE_MODULES = YES;
				CLANG_ENABLE_OBJC_ARC = YES;
				CLANG_WARN_BLOCK_CAPTURE_AUTORELEASING = YES;
				CLANG_WARN_BOOL_CONVERSION = YES;
				CLANG_WARN_COMMA = YES;
				CLANG_WARN_CONSTANT_CONVERSION = YES;
				CLANG_WARN_DIRECT_OBJC_ISA_USAGE = YES_ERROR;
				CLANG_WARN_DOCUMENTATION_COMMENTS = YES;
				CLANG_WARN_EMPTY_BODY = YES;
				CLANG_WARN_ENUM_CONVERSION = YES;
				CLANG_WARN_INFINITE_RECURSION = YES;
				CLANG_WARN_INT_CONVERSION = YES;
				CLANG_WARN_NON_LITERAL_NULL_CONVERSION = YES;
				CLANG_WARN_OBJC_LITERAL_CONVERSION = YES;
				CLANG_WARN_OBJC_ROOT_CLASS = YES_ERROR;
				CLANG_WARN_RANGE_LOOP_ANALYSIS = YES;
				CLANG_WARN_STRICT_PROTOTYPES = YES;
				CLANG_WARN_SUSPICIOUS_MOVE = YES;
				CLANG_WARN_UNREACHABLE_CODE = YES;
				CLANG_WARN__DUPLICATE_METHOD_MATCH = YES;
				"CODE_SIGN_IDENTITY[sdk=iphoneos*]" = "iPhone Developer";
				COPY_PHASE_STRIP = NO;
				DEBUG_INFORMATION_FORMAT = dwarf;
				ENABLE_STRICT_OBJC_MSGSEND = YES;
				ENABLE_TESTABILITY = YES;
				GCC_C_LANGUAGE_STANDARD = gnu99;
				GCC_DYNAMIC_NO_PIC = NO;
				GCC_NO_COMMON_BLOCKS = YES;
				GCC_OPTIMIZATION_LEVEL = 0;
				GCC_PREPROCESSOR_DEFINITIONS = (
					"DEBUG=1",
					"$(inherited)",
				);
				GCC_WARN_64_TO_32_BIT_CONVERSION = YES;
				GCC_WARN_ABOUT_RETURN_TYPE = YES_ERROR;
				GCC_WARN_UNDECLARED_SELECTOR = YES;
				GCC_WARN_UNINITIALIZED_AUTOS = YES_AGGRESSIVE;
				GCC_WARN_UNUSED_FUNCTION = YES;
				GCC_WARN_UNUSED_VARIABLE = YES;
				IPHONEOS_DEPLOYMENT_TARGET = 10.3;
				MTL_ENABLE_DEBUG_INFO = YES;
				ONLY_ACTIVE_ARCH = YES;
				SDKROOT = iphoneos;
				SWIFT_ACTIVE_COMPILATION_CONDITIONS = DEBUG;
				SWIFT_OPTIMIZATION_LEVEL = "-Onone";
				TARGETED_DEVICE_FAMILY = "1,2";
			};
			name = Debug;
		};
		78F79A5C1F7EA18400635607 /* Release */ = {
			isa = XCBuildConfiguration;
			buildSettings = {
				ALWAYS_SEARCH_USER_PATHS = NO;
				CLANG_ANALYZER_NONNULL = YES;
				CLANG_ANALYZER_NUMBER_OBJECT_CONVERSION = YES_AGGRESSIVE;
				CLANG_CXX_LANGUAGE_STANDARD = "gnu++0x";
				CLANG_CXX_LIBRARY = "libc++";
				CLANG_ENABLE_MODULES = YES;
				CLANG_ENABLE_OBJC_ARC = YES;
				CLANG_WARN_BLOCK_CAPTURE_AUTORELEASING = YES;
				CLANG_WARN_BOOL_CONVERSION = YES;
				CLANG_WARN_COMMA = YES;
				CLANG_WARN_CONSTANT_CONVERSION = YES;
				CLANG_WARN_DIRECT_OBJC_ISA_USAGE = YES_ERROR;
				CLANG_WARN_DOCUMENTATION_COMMENTS = YES;
				CLANG_WARN_EMPTY_BODY = YES;
				CLANG_WARN_ENUM_CONVERSION = YES;
				CLANG_WARN_INFINITE_RECURSION = YES;
				CLANG_WARN_INT_CONVERSION = YES;
				CLANG_WARN_NON_LITERAL_NULL_CONVERSION = YES;
				CLANG_WARN_OBJC_LITERAL_CONVERSION = YES;
				CLANG_WARN_OBJC_ROOT_CLASS = YES_ERROR;
				CLANG_WARN_RANGE_LOOP_ANALYSIS = YES;
				CLANG_WARN_STRICT_PROTOTYPES = YES;
				CLANG_WARN_SUSPICIOUS_MOVE = YES;
				CLANG_WARN_UNREACHABLE_CODE = YES;
				CLANG_WARN__DUPLICATE_METHOD_MATCH = YES;
				"CODE_SIGN_IDENTITY[sdk=iphoneos*]" = "iPhone Developer";
				COPY_PHASE_STRIP = NO;
				DEBUG_INFORMATION_FORMAT = "dwarf-with-dsym";
				ENABLE_NS_ASSERTIONS = NO;
				ENABLE_STRICT_OBJC_MSGSEND = YES;
				GCC_C_LANGUAGE_STANDARD = gnu99;
				GCC_NO_COMMON_BLOCKS = YES;
				GCC_WARN_64_TO_32_BIT_CONVERSION = YES;
				GCC_WARN_ABOUT_RETURN_TYPE = YES_ERROR;
				GCC_WARN_UNDECLARED_SELECTOR = YES;
				GCC_WARN_UNINITIALIZED_AUTOS = YES_AGGRESSIVE;
				GCC_WARN_UNUSED_FUNCTION = YES;
				GCC_WARN_UNUSED_VARIABLE = YES;
				IPHONEOS_DEPLOYMENT_TARGET = 10.3;
				MTL_ENABLE_DEBUG_INFO = NO;
				SDKROOT = iphoneos;
				SWIFT_OPTIMIZATION_LEVEL = "-Owholemodule";
				TARGETED_DEVICE_FAMILY = "1,2";
				VALIDATE_PRODUCT = YES;
			};
			name = Release;
		};
		78F79A5E1F7EA18400635607 /* Debug */ = {
			isa = XCBuildConfiguration;
			buildSettings = {
				ASSETCATALOG_COMPILER_APPICON_NAME = AppIcon;
				INFOPLIST_FILE = studentMap/Info.plist;
				LD_RUNPATH_SEARCH_PATHS = "$(inherited) @executable_path/Frameworks";
				PRODUCT_BUNDLE_IDENTIFIER = Vidya.studentMap;
				PRODUCT_NAME = "$(TARGET_NAME)";
				SWIFT_SWIFT3_OBJC_INFERENCE = On;
				SWIFT_VERSION = 4.0;
			};
			name = Debug;
		};
		78F79A5F1F7EA18400635607 /* Release */ = {
			isa = XCBuildConfiguration;
			buildSettings = {
				ASSETCATALOG_COMPILER_APPICON_NAME = AppIcon;
				INFOPLIST_FILE = studentMap/Info.plist;
				LD_RUNPATH_SEARCH_PATHS = "$(inherited) @executable_path/Frameworks";
				PRODUCT_BUNDLE_IDENTIFIER = Vidya.studentMap;
				PRODUCT_NAME = "$(TARGET_NAME)";
				SWIFT_SWIFT3_OBJC_INFERENCE = On;
				SWIFT_VERSION = 4.0;
			};
			name = Release;
		};
		78F79A611F7EA18400635607 /* Debug */ = {
			isa = XCBuildConfiguration;
			buildSettings = {
				ALWAYS_EMBED_SWIFT_STANDARD_LIBRARIES = YES;
				BUNDLE_LOADER = "$(TEST_HOST)";
				INFOPLIST_FILE = studentMapTests/Info.plist;
				LD_RUNPATH_SEARCH_PATHS = "$(inherited) @executable_path/Frameworks @loader_path/Frameworks";
				PRODUCT_BUNDLE_IDENTIFIER = Vidya.studentMapTests;
				PRODUCT_NAME = "$(TARGET_NAME)";
				SWIFT_SWIFT3_OBJC_INFERENCE = On;
				SWIFT_VERSION = 4.0;
				TEST_HOST = "$(BUILT_PRODUCTS_DIR)/studentMap.app/studentMap";
			};
			name = Debug;
		};
		78F79A621F7EA18400635607 /* Release */ = {
			isa = XCBuildConfiguration;
			buildSettings = {
				ALWAYS_EMBED_SWIFT_STANDARD_LIBRARIES = YES;
				BUNDLE_LOADER = "$(TEST_HOST)";
				INFOPLIST_FILE = studentMapTests/Info.plist;
				LD_RUNPATH_SEARCH_PATHS = "$(inherited) @executable_path/Frameworks @loader_path/Frameworks";
				PRODUCT_BUNDLE_IDENTIFIER = Vidya.studentMapTests;
				PRODUCT_NAME = "$(TARGET_NAME)";
				SWIFT_SWIFT3_OBJC_INFERENCE = On;
				SWIFT_VERSION = 4.0;
				TEST_HOST = "$(BUILT_PRODUCTS_DIR)/studentMap.app/studentMap";
			};
			name = Release;
		};
		78F79A641F7EA18400635607 /* Debug */ = {
			isa = XCBuildConfiguration;
			buildSettings = {
				ALWAYS_EMBED_SWIFT_STANDARD_LIBRARIES = YES;
				INFOPLIST_FILE = studentMapUITests/Info.plist;
				LD_RUNPATH_SEARCH_PATHS = "$(inherited) @executable_path/Frameworks @loader_path/Frameworks";
				PRODUCT_BUNDLE_IDENTIFIER = Vidya.studentMapUITests;
				PRODUCT_NAME = "$(TARGET_NAME)";
				SWIFT_SWIFT3_OBJC_INFERENCE = On;
				SWIFT_VERSION = 4.0;
				TEST_TARGET_NAME = studentMap;
			};
			name = Debug;
		};
		78F79A651F7EA18400635607 /* Release */ = {
			isa = XCBuildConfiguration;
			buildSettings = {
				ALWAYS_EMBED_SWIFT_STANDARD_LIBRARIES = YES;
				INFOPLIST_FILE = studentMapUITests/Info.plist;
				LD_RUNPATH_SEARCH_PATHS = "$(inherited) @executable_path/Frameworks @loader_path/Frameworks";
				PRODUCT_BUNDLE_IDENTIFIER = Vidya.studentMapUITests;
				PRODUCT_NAME = "$(TARGET_NAME)";
				SWIFT_SWIFT3_OBJC_INFERENCE = On;
				SWIFT_VERSION = 4.0;
				TEST_TARGET_NAME = studentMap;
			};
			name = Release;
		};
/* End XCBuildConfiguration section */

/* Begin XCConfigurationList section */
		78F79A301F7EA18300635607 /* Build configuration list for PBXProject "studentMap" */ = {
			isa = XCConfigurationList;
			buildConfigurations = (
				78F79A5B1F7EA18400635607 /* Debug */,
				78F79A5C1F7EA18400635607 /* Release */,
			);
			defaultConfigurationIsVisible = 0;
			defaultConfigurationName = Release;
		};
		78F79A5D1F7EA18400635607 /* Build configuration list for PBXNativeTarget "studentMap" */ = {
			isa = XCConfigurationList;
			buildConfigurations = (
				78F79A5E1F7EA18400635607 /* Debug */,
				78F79A5F1F7EA18400635607 /* Release */,
			);
			defaultConfigurationIsVisible = 0;
			defaultConfigurationName = Release;
		};
		78F79A601F7EA18400635607 /* Build configuration list for PBXNativeTarget "studentMapTests" */ = {
			isa = XCConfigurationList;
			buildConfigurations = (
				78F79A611F7EA18400635607 /* Debug */,
				78F79A621F7EA18400635607 /* Release */,
			);
			defaultConfigurationIsVisible = 0;
			defaultConfigurationName = Release;
		};
		78F79A631F7EA18400635607 /* Build configuration list for PBXNativeTarget "studentMapUITests" */ = {
			isa = XCConfigurationList;
			buildConfigurations = (
				78F79A641F7EA18400635607 /* Debug */,
				78F79A651F7EA18400635607 /* Release */,
			);
			defaultConfigurationIsVisible = 0;
			defaultConfigurationName = Release;
		};
/* End XCConfigurationList section */
	};
	rootObject = 78F79A2D1F7EA18300635607 /* Project object */;
}
